
Microsoft Visual Studio Solution File, Format Version 12.00
# Visual Studio Version 16
VisualStudioVersion = 16.0.29709.97
MinimumVisualStudioVersion = 10.0.40219.1
Project("{FAE04EC0-301F-11D3-BF4B-00C04F79EFBC}") = "gfcli", "gfcli.csproj", "{A0E6FF05-5FEC-4D27-BB8B-EC11065E6EA1}"
EndProject
Global
	GlobalSection(SolutionConfigurationPlatforms) = preSolution
		Debug|Any CPU = Debug|Any CPU
		Release|Any CPU = Release|Any CPU
	EndGlobalSection
	GlobalSection(ProjectConfigurationPlatforms) = postSolution
		{A0E6FF05-5FEC-4D27-BB8B-EC11065E6EA1}.Debug|Any CPU.ActiveCfg = Debug|Any CPU
		{A0E6FF05-5FEC-4D27-BB8B-EC11065E6EA1}.Debug|Any CPU.Build.0 = Debug|Any CPU
		{A0E6FF05-5FEC-4D27-BB8B-EC11065E6EA1}.Release|Any CPU.ActiveCfg = Release|Any CPU
		{A0E6FF05-5FEC-4D27-BB8B-EC11065E6EA1}.Release|Any CPU.Build.0 = Release|Any CPU
	EndGlobalSection
	GlobalSection(SolutionProperties) = preSolution
		HideSolutionNode = FALSE
	EndGlobalSection
	GlobalSection(ExtensibilityGlobals) = postSolution
		SolutionGuid = {9CBB1284-A929-4FF8-9BDC-03013236692E}
	EndGlobalSection
EndGlobal
